
Microsoft Visual Studio Solution File, Format Version 12.00
# Visual Studio Version 17
VisualStudioVersion = 17.2.32526.322
MinimumVisualStudioVersion = 10.0.40219.1
Project("{FAE04EC0-301F-11D3-BF4B-00C04F79EFBC}") = "RadencyTask2", "RadencyTask2\RadencyTask2.csproj", "{0787B329-5C9E-432E-902A-ED8F171C514B}"
EndProject
Global
	GlobalSection(SolutionConfigurationPlatforms) = preSolution
		Debug|Any CPU = Debug|Any CPU
		Release|Any CPU = Release|Any CPU
	EndGlobalSection
	GlobalSection(ProjectConfigurationPlatforms) = postSolution
		{0787B329-5C9E-432E-902A-ED8F171C514B}.Debug|Any CPU.ActiveCfg = Debug|Any CPU
		{0787B329-5C9E-432E-902A-ED8F171C514B}.Debug|Any CPU.Build.0 = Debug|Any CPU
		{0787B329-5C9E-432E-902A-ED8F171C514B}.Release|Any CPU.ActiveCfg = Release|Any CPU
		{0787B329-5C9E-432E-902A-ED8F171C514B}.Release|Any CPU.Build.0 = Release|Any CPU
	EndGlobalSection
	GlobalSection(SolutionProperties) = preSolution
		HideSolutionNode = FALSE
	EndGlobalSection
	GlobalSection(ExtensibilityGlobals) = postSolution
		SolutionGuid = {0217E799-43A9-41D3-B963-489A563A63E1}
	EndGlobalSection
EndGlobal
